
Microsoft Visual Studio Solution File, Format Version 12.00
# Visual Studio Version 16
VisualStudioVersion = 16.0.30907.101
MinimumVisualStudioVersion = 10.0.40219.1
Project("{FAE04EC0-301F-11D3-BF4B-00C04F79EFBC}") = "LibraryShiryaev2isp11-17", "LibraryShiryaev2isp11-17\LibraryShiryaev2isp11-17.csproj", "{1899935C-8BD2-4936-BD02-5B6BBFCDEBE0}"
EndProject
Project("{FAE04EC0-301F-11D3-BF4B-00C04F79EFBC}") = "UnitTestProject1", "UnitTestProject1\UnitTestProject1.csproj", "{ED569CAF-E04F-4FBB-A44B-8725EF22794C}"
EndProject
Global
	GlobalSection(SolutionConfigurationPlatforms) = preSolution
		Debug|Any CPU = Debug|Any CPU
		Release|Any CPU = Release|Any CPU
	EndGlobalSection
	GlobalSection(ProjectConfigurationPlatforms) = postSolution
		{1899935C-8BD2-4936-BD02-5B6BBFCDEBE0}.Debug|Any CPU.ActiveCfg = Debug|Any CPU
		{1899935C-8BD2-4936-BD02-5B6BBFCDEBE0}.Debug|Any CPU.Build.0 = Debug|Any CPU
		{1899935C-8BD2-4936-BD02-5B6BBFCDEBE0}.Release|Any CPU.ActiveCfg = Release|Any CPU
		{1899935C-8BD2-4936-BD02-5B6BBFCDEBE0}.Release|Any CPU.Build.0 = Release|Any CPU
		{ED569CAF-E04F-4FBB-A44B-8725EF22794C}.Debug|Any CPU.ActiveCfg = Debug|Any CPU
		{ED569CAF-E04F-4FBB-A44B-8725EF22794C}.Debug|Any CPU.Build.0 = Debug|Any CPU
		{ED569CAF-E04F-4FBB-A44B-8725EF22794C}.Release|Any CPU.ActiveCfg = Release|Any CPU
		{ED569CAF-E04F-4FBB-A44B-8725EF22794C}.Release|Any CPU.Build.0 = Release|Any CPU
	EndGlobalSection
	GlobalSection(SolutionProperties) = preSolution
		HideSolutionNode = FALSE
	EndGlobalSection
	GlobalSection(ExtensibilityGlobals) = postSolution
		SolutionGuid = {D94AB9BC-DBD7-445E-8DEF-8345FF8AE9D8}
	EndGlobalSection
EndGlobal
